
Microsoft Visual Studio Solution File, Format Version 12.00
# Visual Studio Version 17
VisualStudioVersion = 17.5.002.0
MinimumVisualStudioVersion = 10.0.40219.1
Project("{9A19103F-16F7-4668-BE54-9A1E7A4F7556}") = "TaskManagement", "TaskManagement\TaskManagement.csproj", "{2ED91ADF-FD27-4160-AE75-34FF1389F86C}"
EndProject
Global
	GlobalSection(SolutionConfigurationPlatforms) = preSolution
		Debug|Any CPU = Debug|Any CPU
		Release|Any CPU = Release|Any CPU
	EndGlobalSection
	GlobalSection(ProjectConfigurationPlatforms) = postSolution
		{2ED91ADF-FD27-4160-AE75-34FF1389F86C}.Debug|Any CPU.ActiveCfg = Debug|Any CPU
		{2ED91ADF-FD27-4160-AE75-34FF1389F86C}.Debug|Any CPU.Build.0 = Debug|Any CPU
		{2ED91ADF-FD27-4160-AE75-34FF1389F86C}.Release|Any CPU.ActiveCfg = Release|Any CPU
		{2ED91ADF-FD27-4160-AE75-34FF1389F86C}.Release|Any CPU.Build.0 = Release|Any CPU
	EndGlobalSection
	GlobalSection(SolutionProperties) = preSolution
		HideSolutionNode = FALSE
	EndGlobalSection
	GlobalSection(ExtensibilityGlobals) = postSolution
		SolutionGuid = {6B053D0C-1F82-4114-ADF8-CD7747227467}
	EndGlobalSection
EndGlobal
